{
  "name": "esbuild-example",
  "version": "1.0.0",
  "lockfileVersion": 2,
  "requires": true,
  "packages": {
    "": {
      "version": "1.0.0",
      "license": "ISC",
      "dependencies": {
        "esbuild": "^0.11.16"
      }
    },
    "node_modules/esbuild": {
      "version": "0.11.16",
      "resolved": "https://registry.npmjs.org/esbuild/-/esbuild-0.11.16.tgz",
      "integrity": "sha512-34ZWjo4ouvM5cDe7uRoM9GFuMyEmpH9fnVYmomvS1cq9ED9d/0ZG1r+p4P2VbX7ihjv36zA2SWTmP8Zmt/EANA==",
      "hasInstallScript": true,
      "bin": {
        "esbuild": "bin/esbuild"
      }
    }
  },
  "dependencies": {
    "esbuild": {
      "version": "0.11.16",
      "resolved": "https://registry.npmjs.org/esbuild/-/esbuild-0.11.16.tgz",
      "integrity": "sha512-34ZWjo4ouvM5cDe7uRoM9GFuMyEmpH9fnVYmomvS1cq9ED9d/0ZG1r+p4P2VbX7ihjv36zA2SWTmP8Zmt/EANA=="
    }
  }
}
